
Microsoft Visual Studio Solution File, Format Version 12.00
# Visual Studio Version 17
VisualStudioVersion = 17.10.34928.147
MinimumVisualStudioVersion = 10.0.40219.1
Project("{FAE04EC0-301F-11D3-BF4B-00C04F79EFBC}") = "cnHRD_MES_Project", "cnHRD_MES_Project.csproj", "{E53A029D-D66A-41AD-8234-D77FE376F7F8}"
EndProject
Global
	GlobalSection(SolutionConfigurationPlatforms) = preSolution
		Debug|Any CPU = Debug|Any CPU
		Release|Any CPU = Release|Any CPU
	EndGlobalSection
	GlobalSection(ProjectConfigurationPlatforms) = postSolution
		{E53A029D-D66A-41AD-8234-D77FE376F7F8}.Debug|Any CPU.ActiveCfg = Debug|Any CPU
		{E53A029D-D66A-41AD-8234-D77FE376F7F8}.Debug|Any CPU.Build.0 = Debug|Any CPU
		{E53A029D-D66A-41AD-8234-D77FE376F7F8}.Release|Any CPU.ActiveCfg = Release|Any CPU
		{E53A029D-D66A-41AD-8234-D77FE376F7F8}.Release|Any CPU.Build.0 = Release|Any CPU
	EndGlobalSection
	GlobalSection(SolutionProperties) = preSolution
		HideSolutionNode = FALSE
	EndGlobalSection
	GlobalSection(ExtensibilityGlobals) = postSolution
		SolutionGuid = {209E3D86-04C5-4448-B85A-5FE6F41D01EB}
	EndGlobalSection
EndGlobal
